
Microsoft Visual Studio Solution File, Format Version 12.00
# Visual Studio Version 17
VisualStudioVersion = 17.9.34607.119
MinimumVisualStudioVersion = 10.0.40219.1
Project("{9A19103F-16F7-4668-BE54-9A1E7A4F7556}") = "szorzotabla", "szorzotabla\szorzotabla.csproj", "{1DDE68BA-FCD1-4B0D-8F34-2211F8F63D7D}"
EndProject
Project("{9A19103F-16F7-4668-BE54-9A1E7A4F7556}") = "fibonacchi", "fibonacchi\fibonacchi.csproj", "{95013234-A688-4850-88F2-7BAAFC32D823}"
EndProject
Project("{9A19103F-16F7-4668-BE54-9A1E7A4F7556}") = "harmadik", "harmadik\harmadik.csproj", "{C3243141-D0A2-4152-BFE5-F1B496BA9803}"
EndProject
Project("{FAE04EC0-301F-11D3-BF4B-00C04F79EFBC}") = "gyakorlas_1", "gyakorlas_1\gyakorlas_1.csproj", "{1C3BACDE-9ECF-442C-80CE-D8995B7B50AB}"
EndProject
Global
	GlobalSection(SolutionConfigurationPlatforms) = preSolution
		Debug|Any CPU = Debug|Any CPU
		Release|Any CPU = Release|Any CPU
	EndGlobalSection
	GlobalSection(ProjectConfigurationPlatforms) = postSolution
		{1DDE68BA-FCD1-4B0D-8F34-2211F8F63D7D}.Debug|Any CPU.ActiveCfg = Debug|Any CPU
		{1DDE68BA-FCD1-4B0D-8F34-2211F8F63D7D}.Debug|Any CPU.Build.0 = Debug|Any CPU
		{1DDE68BA-FCD1-4B0D-8F34-2211F8F63D7D}.Release|Any CPU.ActiveCfg = Release|Any CPU
		{1DDE68BA-FCD1-4B0D-8F34-2211F8F63D7D}.Release|Any CPU.Build.0 = Release|Any CPU
		{95013234-A688-4850-88F2-7BAAFC32D823}.Debug|Any CPU.ActiveCfg = Debug|Any CPU
		{95013234-A688-4850-88F2-7BAAFC32D823}.Debug|Any CPU.Build.0 = Debug|Any CPU
		{95013234-A688-4850-88F2-7BAAFC32D823}.Release|Any CPU.ActiveCfg = Release|Any CPU
		{95013234-A688-4850-88F2-7BAAFC32D823}.Release|Any CPU.Build.0 = Release|Any CPU
		{C3243141-D0A2-4152-BFE5-F1B496BA9803}.Debug|Any CPU.ActiveCfg = Debug|Any CPU
		{C3243141-D0A2-4152-BFE5-F1B496BA9803}.Debug|Any CPU.Build.0 = Debug|Any CPU
		{C3243141-D0A2-4152-BFE5-F1B496BA9803}.Release|Any CPU.ActiveCfg = Release|Any CPU
		{C3243141-D0A2-4152-BFE5-F1B496BA9803}.Release|Any CPU.Build.0 = Release|Any CPU
		{1C3BACDE-9ECF-442C-80CE-D8995B7B50AB}.Debug|Any CPU.ActiveCfg = Debug|Any CPU
		{1C3BACDE-9ECF-442C-80CE-D8995B7B50AB}.Debug|Any CPU.Build.0 = Debug|Any CPU
		{1C3BACDE-9ECF-442C-80CE-D8995B7B50AB}.Release|Any CPU.ActiveCfg = Release|Any CPU
		{1C3BACDE-9ECF-442C-80CE-D8995B7B50AB}.Release|Any CPU.Build.0 = Release|Any CPU
	EndGlobalSection
	GlobalSection(SolutionProperties) = preSolution
		HideSolutionNode = FALSE
	EndGlobalSection
	GlobalSection(ExtensibilityGlobals) = postSolution
		SolutionGuid = {0F918087-629D-4BDD-903E-E6358B9A0F6E}
	EndGlobalSection
EndGlobal
