
Microsoft Visual Studio Solution File, Format Version 12.00
# Visual Studio Version 17
VisualStudioVersion = 17.9.34607.119
MinimumVisualStudioVersion = 10.0.40219.1
Project("{FAE04EC0-301F-11D3-BF4B-00C04F79EFBC}") = "eletjatek_proba", "eletjatek_proba\eletjatek_proba.csproj", "{A0BA3C4E-AC71-4150-9305-AEB867FE8DF8}"
EndProject
Global
	GlobalSection(SolutionConfigurationPlatforms) = preSolution
		Debug|Any CPU = Debug|Any CPU
		Release|Any CPU = Release|Any CPU
	EndGlobalSection
	GlobalSection(ProjectConfigurationPlatforms) = postSolution
		{A0BA3C4E-AC71-4150-9305-AEB867FE8DF8}.Debug|Any CPU.ActiveCfg = Debug|Any CPU
		{A0BA3C4E-AC71-4150-9305-AEB867FE8DF8}.Debug|Any CPU.Build.0 = Debug|Any CPU
		{A0BA3C4E-AC71-4150-9305-AEB867FE8DF8}.Release|Any CPU.ActiveCfg = Release|Any CPU
		{A0BA3C4E-AC71-4150-9305-AEB867FE8DF8}.Release|Any CPU.Build.0 = Release|Any CPU
	EndGlobalSection
	GlobalSection(SolutionProperties) = preSolution
		HideSolutionNode = FALSE
	EndGlobalSection
	GlobalSection(ExtensibilityGlobals) = postSolution
		SolutionGuid = {357C5ED9-20C7-4762-9084-338FC2987C77}
	EndGlobalSection
EndGlobal
